
Microsoft Visual Studio Solution File, Format Version 12.00
# Visual Studio 14
VisualStudioVersion = 14.0.25420.1
MinimumVisualStudioVersion = 10.0.40219.1
Project("{2150E333-8FDC-42A3-9474-1A3956D46DE8}") = "01 Common", "01 Common", "{CB201404-C529-49EA-A280-C04633AAFE1A}"
EndProject
Project("{FAE04EC0-301F-11D3-BF4B-00C04F79EFBC}") = "YunOffice.Common", "YunOffice.Common\YunOffice.Common.csproj", "{8CC5D3C0-23A3-4E17-A8C8-0535BE5EE2C6}"
EndProject
Project("{FAE04EC0-301F-11D3-BF4B-00C04F79EFBC}") = "YunOffice.Common.RabbitMq", "YunOffice.Common.RabbitMq\YunOffice.Common.RabbitMq.csproj", "{78ABC00C-28AA-4D3C-9BD8-56F1FAB61E3D}"
EndProject
Global
	GlobalSection(SolutionConfigurationPlatforms) = preSolution
		Debug|Any CPU = Debug|Any CPU
		Release|Any CPU = Release|Any CPU
	EndGlobalSection
	GlobalSection(ProjectConfigurationPlatforms) = postSolution
		{8CC5D3C0-23A3-4E17-A8C8-0535BE5EE2C6}.Debug|Any CPU.ActiveCfg = Debug|Any CPU
		{8CC5D3C0-23A3-4E17-A8C8-0535BE5EE2C6}.Debug|Any CPU.Build.0 = Debug|Any CPU
		{8CC5D3C0-23A3-4E17-A8C8-0535BE5EE2C6}.Release|Any CPU.ActiveCfg = Release|Any CPU
		{8CC5D3C0-23A3-4E17-A8C8-0535BE5EE2C6}.Release|Any CPU.Build.0 = Release|Any CPU
		{78ABC00C-28AA-4D3C-9BD8-56F1FAB61E3D}.Debug|Any CPU.ActiveCfg = Debug|Any CPU
		{78ABC00C-28AA-4D3C-9BD8-56F1FAB61E3D}.Debug|Any CPU.Build.0 = Debug|Any CPU
		{78ABC00C-28AA-4D3C-9BD8-56F1FAB61E3D}.Release|Any CPU.ActiveCfg = Release|Any CPU
		{78ABC00C-28AA-4D3C-9BD8-56F1FAB61E3D}.Release|Any CPU.Build.0 = Release|Any CPU
	EndGlobalSection
	GlobalSection(SolutionProperties) = preSolution
		HideSolutionNode = FALSE
	EndGlobalSection
	GlobalSection(NestedProjects) = preSolution
		{8CC5D3C0-23A3-4E17-A8C8-0535BE5EE2C6} = {CB201404-C529-49EA-A280-C04633AAFE1A}
		{78ABC00C-28AA-4D3C-9BD8-56F1FAB61E3D} = {CB201404-C529-49EA-A280-C04633AAFE1A}
	EndGlobalSection
EndGlobal
